
Microsoft Visual Studio Solution File, Format Version 12.00
# Visual Studio 14
VisualStudioVersion = 14.0.25420.1
MinimumVisualStudioVersion = 10.0.40219.1
Project("{FAE04EC0-301F-11D3-BF4B-00C04F79EFBC}") = "EulerHermesInnovathonApi", "EulerHermesInnovathonApi\EulerHermesInnovathonApi.csproj", "{1428EBB4-5383-4BD3-A9A2-EC2B96A483A7}"
	ProjectSection(ProjectDependencies) = postProject
		{FC425D9D-92E4-4B14-88A5-20122E14B413} = {FC425D9D-92E4-4B14-88A5-20122E14B413}
	EndProjectSection
EndProject
Project("{FAE04EC0-301F-11D3-BF4B-00C04F79EFBC}") = "EulerHermesInnovathonOffer", "EulerHermesInnovathonOffer\EulerHermesInnovathonOffer.csproj", "{E4091AB6-8199-41DC-8692-BC75C503ADDB}"
	ProjectSection(ProjectDependencies) = postProject
		{FC425D9D-92E4-4B14-88A5-20122E14B413} = {FC425D9D-92E4-4B14-88A5-20122E14B413}
		{1428EBB4-5383-4BD3-A9A2-EC2B96A483A7} = {1428EBB4-5383-4BD3-A9A2-EC2B96A483A7}
	EndProjectSection
EndProject
Project("{FAE04EC0-301F-11D3-BF4B-00C04F79EFBC}") = "EulerHermesInnovathonButton", "EulerHermesInnovathonButton\EulerHermesInnovathonButton.csproj", "{AE6F9E59-8270-474B-9F95-F19E1D0D3B97}"
	ProjectSection(ProjectDependencies) = postProject
		{1428EBB4-5383-4BD3-A9A2-EC2B96A483A7} = {1428EBB4-5383-4BD3-A9A2-EC2B96A483A7}
	EndProjectSection
EndProject
Project("{FAE04EC0-301F-11D3-BF4B-00C04F79EFBC}") = "Model", "Model\Model.csproj", "{FC425D9D-92E4-4B14-88A5-20122E14B413}"
EndProject
Global
	GlobalSection(SolutionConfigurationPlatforms) = preSolution
		Debug|Any CPU = Debug|Any CPU
		Release|Any CPU = Release|Any CPU
	EndGlobalSection
	GlobalSection(ProjectConfigurationPlatforms) = postSolution
		{1428EBB4-5383-4BD3-A9A2-EC2B96A483A7}.Debug|Any CPU.ActiveCfg = Debug|Any CPU
		{1428EBB4-5383-4BD3-A9A2-EC2B96A483A7}.Debug|Any CPU.Build.0 = Debug|Any CPU
		{1428EBB4-5383-4BD3-A9A2-EC2B96A483A7}.Release|Any CPU.ActiveCfg = Release|Any CPU
		{1428EBB4-5383-4BD3-A9A2-EC2B96A483A7}.Release|Any CPU.Build.0 = Release|Any CPU
		{E4091AB6-8199-41DC-8692-BC75C503ADDB}.Debug|Any CPU.ActiveCfg = Debug|Any CPU
		{E4091AB6-8199-41DC-8692-BC75C503ADDB}.Debug|Any CPU.Build.0 = Debug|Any CPU
		{E4091AB6-8199-41DC-8692-BC75C503ADDB}.Debug|Any CPU.Deploy.0 = Debug|Any CPU
		{E4091AB6-8199-41DC-8692-BC75C503ADDB}.Release|Any CPU.ActiveCfg = Release|Any CPU
		{E4091AB6-8199-41DC-8692-BC75C503ADDB}.Release|Any CPU.Build.0 = Release|Any CPU
		{AE6F9E59-8270-474B-9F95-F19E1D0D3B97}.Debug|Any CPU.ActiveCfg = Debug|Any CPU
		{AE6F9E59-8270-474B-9F95-F19E1D0D3B97}.Debug|Any CPU.Build.0 = Debug|Any CPU
		{AE6F9E59-8270-474B-9F95-F19E1D0D3B97}.Debug|Any CPU.Deploy.0 = Debug|Any CPU
		{AE6F9E59-8270-474B-9F95-F19E1D0D3B97}.Release|Any CPU.ActiveCfg = Release|Any CPU
		{AE6F9E59-8270-474B-9F95-F19E1D0D3B97}.Release|Any CPU.Build.0 = Release|Any CPU
		{FC425D9D-92E4-4B14-88A5-20122E14B413}.Debug|Any CPU.ActiveCfg = Debug|Any CPU
		{FC425D9D-92E4-4B14-88A5-20122E14B413}.Debug|Any CPU.Build.0 = Debug|Any CPU
		{FC425D9D-92E4-4B14-88A5-20122E14B413}.Release|Any CPU.ActiveCfg = Release|Any CPU
		{FC425D9D-92E4-4B14-88A5-20122E14B413}.Release|Any CPU.Build.0 = Release|Any CPU
	EndGlobalSection
	GlobalSection(SolutionProperties) = preSolution
		HideSolutionNode = FALSE
	EndGlobalSection
EndGlobal
